PODS:
  - audio_session (0.0.1):
    - Flutter
  - audioplayers_darwin (0.0.1):
    - Flutter
  - connectivity_plus (0.0.1):
    - Flutter
    - ReachabilitySwift
  - Flutter (1.0.0)
  - flutter_local_notifications (0.0.1):
    - Flutter
  - fluttertoast (0.0.2):
    - Flutter
  - image_picker_ios (0.0.1):
    - Flutter
  - just_audio (0.0.1):
    - Flutter
    - FlutterMacOS
  - open_file_ios (0.0.1):
    - Flutter
  - package_info_plus (0.4.5):
    - Flutter
  - path_provider_foundation (0.0.1):
    - Flutter
    - FlutterMacOS
  - ReachabilitySwift (5.2.4)
  - shared_preferences_foundation (0.0.1):
    - Flutter
    - FlutterMacOS
  - sqflite_darwin (0.0.4):
    - Flutter
    - FlutterMacOS
  - Stripe (24.7.0):
    - StripeApplePay (= 24.7.0)
    - StripeCore (= 24.7.0)
    - StripePayments (= 24.7.0)
    - StripePaymentsUI (= 24.7.0)
    - StripeUICore (= 24.7.0)
  - stripe_ios (0.0.1):
    - Flutter
    - Stripe (~> 24.7.0)
    - stripe_ios/stripe_ios (= 0.0.1)
    - stripe_ios/stripe_objc (= 0.0.1)
    - StripeApplePay (~> 24.7.0)
    - StripeFinancialConnections (~> 24.7.0)
    - StripePayments (~> 24.7.0)
    - StripePaymentSheet (~> 24.7.0)
    - StripePaymentsUI (~> 24.7.0)
  - stripe_ios/stripe_ios (0.0.1):
    - Flutter
    - Stripe (~> 24.7.0)
    - stripe_ios/stripe_objc
    - StripeApplePay (~> 24.7.0)
    - StripeFinancialConnections (~> 24.7.0)
    - StripePayments (~> 24.7.0)
    - StripePaymentSheet (~> 24.7.0)
    - StripePaymentsUI (~> 24.7.0)
  - stripe_ios/stripe_objc (0.0.1):
    - Flutter
    - Stripe (~> 24.7.0)
    - StripeApplePay (~> 24.7.0)
    - StripeFinancialConnections (~> 24.7.0)
    - StripePayments (~> 24.7.0)
    - StripePaymentSheet (~> 24.7.0)
    - StripePaymentsUI (~> 24.7.0)
  - StripeApplePay (24.7.0):
    - StripeCore (= 24.7.0)
  - StripeCore (24.7.0)
  - StripeFinancialConnections (24.7.0):
    - StripeCore (= 24.7.0)
    - StripeUICore (= 24.7.0)
  - StripePayments (24.7.0):
    - StripeCore (= 24.7.0)
    - StripePayments/Stripe3DS2 (= 24.7.0)
  - StripePayments/Stripe3DS2 (24.7.0):
    - StripeCore (= 24.7.0)
  - StripePaymentSheet (24.7.0):
    - StripeApplePay (= 24.7.0)
    - StripeCore (= 24.7.0)
    - StripePayments (= 24.7.0)
    - StripePaymentsUI (= 24.7.0)
  - StripePaymentsUI (24.7.0):
    - StripeCore (= 24.7.0)
    - StripePayments (= 24.7.0)
    - StripeUICore (= 24.7.0)
  - StripeUICore (24.7.0):
    - StripeCore (= 24.7.0)
  - url_launcher_ios (0.0.1):
    - Flutter
  - video_player_avfoundation (0.0.1):
    - Flutter
    - FlutterMacOS
  - wakelock_plus (0.0.1):
    - Flutter
  - webview_flutter_wkwebview (0.0.1):
    - Flutter
    - FlutterMacOS

DEPENDENCIES:
  - audio_session (from `.symlinks/plugins/audio_session/ios`)
  - audioplayers_darwin (from `.symlinks/plugins/audioplayers_darwin/ios`)
  - connectivity_plus (from `.symlinks/plugins/connectivity_plus/ios`)
  - Flutter (from `Flutter`)
  - flutter_local_notifications (from `.symlinks/plugins/flutter_local_notifications/ios`)
  - fluttertoast (from `.symlinks/plugins/fluttertoast/ios`)
  - image_picker_ios (from `.symlinks/plugins/image_picker_ios/ios`)
  - just_audio (from `.symlinks/plugins/just_audio/darwin`)
  - open_file_ios (from `.symlinks/plugins/open_file_ios/ios`)
  - package_info_plus (from `.symlinks/plugins/package_info_plus/ios`)
  - path_provider_foundation (from `.symlinks/plugins/path_provider_foundation/darwin`)
  - shared_preferences_foundation (from `.symlinks/plugins/shared_preferences_foundation/darwin`)
  - sqflite_darwin (from `.symlinks/plugins/sqflite_darwin/darwin`)
  - stripe_ios (from `.symlinks/plugins/stripe_ios/ios`)
  - url_launcher_ios (from `.symlinks/plugins/url_launcher_ios/ios`)
  - video_player_avfoundation (from `.symlinks/plugins/video_player_avfoundation/darwin`)
  - wakelock_plus (from `.symlinks/plugins/wakelock_plus/ios`)
  - webview_flutter_wkwebview (from `.symlinks/plugins/webview_flutter_wkwebview/darwin`)

SPEC REPOS:
  trunk:
    - ReachabilitySwift
    - Stripe
    - StripeApplePay
    - StripeCore
    - StripeFinancialConnections
    - StripePayments
    - StripePaymentSheet
    - StripePaymentsUI
    - StripeUICore

EXTERNAL SOURCES:
  audio_session:
    :path: ".symlinks/plugins/audio_session/ios"
  audioplayers_darwin:
    :path: ".symlinks/plugins/audioplayers_darwin/ios"
  connectivity_plus:
    :path: ".symlinks/plugins/connectivity_plus/ios"
  Flutter:
    :path: Flutter
  flutter_local_notifications:
    :path: ".symlinks/plugins/flutter_local_notifications/ios"
  fluttertoast:
    :path: ".symlinks/plugins/fluttertoast/ios"
  image_picker_ios:
    :path: ".symlinks/plugins/image_picker_ios/ios"
  just_audio:
    :path: ".symlinks/plugins/just_audio/darwin"
  open_file_ios:
    :path: ".symlinks/plugins/open_file_ios/ios"
  package_info_plus:
    :path: ".symlinks/plugins/package_info_plus/ios"
  path_provider_foundation:
    :path: ".symlinks/plugins/path_provider_foundation/darwin"
  shared_preferences_foundation:
    :path: ".symlinks/plugins/shared_preferences_foundation/darwin"
  sqflite_darwin:
    :path: ".symlinks/plugins/sqflite_darwin/darwin"
  stripe_ios:
    :path: ".symlinks/plugins/stripe_ios/ios"
  url_launcher_ios:
    :path: ".symlinks/plugins/url_launcher_ios/ios"
  video_player_avfoundation:
    :path: ".symlinks/plugins/video_player_avfoundation/darwin"
  wakelock_plus:
    :path: ".symlinks/plugins/wakelock_plus/ios"
  webview_flutter_wkwebview:
    :path: ".symlinks/plugins/webview_flutter_wkwebview/darwin"

SPEC CHECKSUMS:
  audio_session: 9bb7f6c970f21241b19f5a3658097ae459681ba0
  audioplayers_darwin: ccf9c770ee768abb07e26d90af093f7bab1c12ab
  connectivity_plus: 4d5101c5877bedcda6cd1ccb825307911667d6b0
  Flutter: e0871f40cf51350855a761d2e70bf5af5b9b5de7
  flutter_local_notifications: 395056b3175ba4f08480a7c5de30cd36d69827e4
  fluttertoast: 2c67e14dce98bbdb200df9e1acf610d7a6264ea1
  image_picker_ios: 7fe1ff8e34c1790d6fff70a32484959f563a928a
  just_audio: 4e391f57b79cad2b0674030a00453ca5ce817eed
  open_file_ios: 5ff7526df64e4394b4fe207636b67a95e83078bb
  package_info_plus: af8e2ca6888548050f16fa2f1938db7b5a5df499
  path_provider_foundation: 080d55be775b7414fd5a5ef3ac137b97b097e564
  ReachabilitySwift: 32793e867593cfc1177f5d16491e3a197d2fccda
  shared_preferences_foundation: 9e1978ff2562383bd5676f64ec4e9aa8fa06a6f7
  sqflite_darwin: 20b2a3a3b70e43edae938624ce550a3cbf66a3d0
  Stripe: 8a03a78bfa16b197f9fac51e42670ac563b34388
  stripe_ios: 95bdf6ba58efd184fe1dfed194cd8692299d66ca
  StripeApplePay: 3c1b43d9b5130f6b714863bf8c9482c24168ab27
  StripeCore: 4955c2af14446db04818ad043d19d8f97b73c5fa
  StripeFinancialConnections: 8cf97b04c2f354879a2a5473126efac38f11f406
  StripePayments: 91820845bece6117809bcfdcaef39c84c2b4cae5
  StripePaymentSheet: 1810187cbdbc73410b8fb86cecafaaa41c1481fc
  StripePaymentsUI: 326376e23caa369d1f58041bdb858c89c2b17ed4
  StripeUICore: 17a4f3adb81ae05ab885e1b353022a430176eab1
  url_launcher_ios: 694010445543906933d732453a59da0a173ae33d
  video_player_avfoundation: 2cef49524dd1f16c5300b9cd6efd9611ce03639b
  wakelock_plus: e29112ab3ef0b318e58cfa5c32326458be66b556
  webview_flutter_wkwebview: 1821ceac936eba6f7984d89a9f3bcb4dea99ebb2

PODFILE CHECKSUM: a57f30d18f102dd3ce366b1d62a55ecbef2158e5

COCOAPODS: 1.16.2
